
Microsoft Visual Studio Solution File, Format Version 12.00
# Visual Studio 15
VisualStudioVersion = 15.0.26730.10
MinimumVisualStudioVersion = 10.0.40219.1
Project("{FAE04EC0-301F-11D3-BF4B-00C04F79EFBC}") = "FacadePattern", "FacadePattern\FacadePattern.csproj", "{D43006A2-88B7-40CB-90E6-64E2D41F975A}"
EndProject
Global
	GlobalSection(SolutionConfigurationPlatforms) = preSolution
		Debug|Any CPU = Debug|Any CPU
		Release|Any CPU = Release|Any CPU
	EndGlobalSection
	GlobalSection(ProjectConfigurationPlatforms) = postSolution
		{D43006A2-88B7-40CB-90E6-64E2D41F975A}.Debug|Any CPU.ActiveCfg = Debug|Any CPU
		{D43006A2-88B7-40CB-90E6-64E2D41F975A}.Debug|Any CPU.Build.0 = Debug|Any CPU
		{D43006A2-88B7-40CB-90E6-64E2D41F975A}.Release|Any CPU.ActiveCfg = Release|Any CPU
		{D43006A2-88B7-40CB-90E6-64E2D41F975A}.Release|Any CPU.Build.0 = Release|Any CPU
	EndGlobalSection
	GlobalSection(SolutionProperties) = preSolution
		HideSolutionNode = FALSE
	EndGlobalSection
	GlobalSection(ExtensibilityGlobals) = postSolution
		SolutionGuid = {0B000356-B956-4300-9BE0-6BD9F0AE4F7A}
	EndGlobalSection
EndGlobal
